
Microsoft Visual Studio Solution File, Format Version 12.00
# Visual Studio 15
VisualStudioVersion = 15.0.28307.539
MinimumVisualStudioVersion = 10.0.40219.1
Project("{FAE04EC0-301F-11D3-BF4B-00C04F79EFBC}") = "CoopTimesheet", "CoopTimesheet\CoopTimesheet.csproj", "{D184A676-384D-4880-88E1-FE331D85B267}"
EndProject
Project("{FAE04EC0-301F-11D3-BF4B-00C04F79EFBC}") = "CoopDAL", "CoopDAL\CoopDAL.csproj", "{116FFBAD-708B-4AC7-BC5D-E6DA3BBB1824}"
EndProject
Global
	GlobalSection(SolutionConfigurationPlatforms) = preSolution
		Debug|Any CPU = Debug|Any CPU
		Release|Any CPU = Release|Any CPU
	EndGlobalSection
	GlobalSection(ProjectConfigurationPlatforms) = postSolution
		{D184A676-384D-4880-88E1-FE331D85B267}.Debug|Any CPU.ActiveCfg = Debug|Any CPU
		{D184A676-384D-4880-88E1-FE331D85B267}.Debug|Any CPU.Build.0 = Debug|Any CPU
		{D184A676-384D-4880-88E1-FE331D85B267}.Release|Any CPU.ActiveCfg = Release|Any CPU
		{D184A676-384D-4880-88E1-FE331D85B267}.Release|Any CPU.Build.0 = Release|Any CPU
		{116FFBAD-708B-4AC7-BC5D-E6DA3BBB1824}.Debug|Any CPU.ActiveCfg = Debug|Any CPU
		{116FFBAD-708B-4AC7-BC5D-E6DA3BBB1824}.Debug|Any CPU.Build.0 = Debug|Any CPU
		{116FFBAD-708B-4AC7-BC5D-E6DA3BBB1824}.Release|Any CPU.ActiveCfg = Release|Any CPU
		{116FFBAD-708B-4AC7-BC5D-E6DA3BBB1824}.Release|Any CPU.Build.0 = Release|Any CPU
	EndGlobalSection
	GlobalSection(SolutionProperties) = preSolution
		HideSolutionNode = FALSE
	EndGlobalSection
	GlobalSection(ExtensibilityGlobals) = postSolution
		SolutionGuid = {8C367C21-9897-498B-9335-CE833364E576}
	EndGlobalSection
EndGlobal
